{
  "name": "zenn",
  "version": "1.0.0",
  "lockfileVersion": 2,
  "requires": true,
  "packages": {
    "": {
      "name": "zenn",
      "version": "1.0.0",
      "license": "ISC",
      "dependencies": {
        "zenn-cli": "^0.1.113"
      }
    },
    "node_modules/zenn-cli": {
      "version": "0.1.113",
      "resolved": "https://registry.npmjs.org/zenn-cli/-/zenn-cli-0.1.113.tgz",
      "integrity": "sha512-oSVegY+Uqi3WIU3LEks9u77UrvpUtMmdBnzx7O0Qmj0aO7VqfOANLpMLvj0cdOS02TaKIpVeLxs5ZI/qhm56lQ==",
      "bin": {
        "zenn": "dist/server/zenn.js"
      },
      "engines": {
        "node": ">=10.13.0"
      }
    }
  },
  "dependencies": {
    "zenn-cli": {
      "version": "0.1.113",
      "resolved": "https://registry.npmjs.org/zenn-cli/-/zenn-cli-0.1.113.tgz",
      "integrity": "sha512-oSVegY+Uqi3WIU3LEks9u77UrvpUtMmdBnzx7O0Qmj0aO7VqfOANLpMLvj0cdOS02TaKIpVeLxs5ZI/qhm56lQ=="
    }
  }
}
