{
  "name": "zenn",
  "version": "1.0.0",
  "lockfileVersion": 2,
  "requires": true,
  "packages": {
    "": {
      "name": "zenn",
      "version": "1.0.0",
      "license": "ISC",
      "dependencies": {
        "zenn-cli": "^0.1.140"
      }
    },
    "node_modules/zenn-cli": {
      "version": "0.1.140",
      "resolved": "https://registry.npmjs.org/zenn-cli/-/zenn-cli-0.1.140.tgz",
      "integrity": "sha512-fcMxd5DHeZeaVkeD1qUoKOgE3gNf1E8+Yh8Kb4hCVIiiwuPR4SOI0uCcno7aeD6LH7OSSymzn0clEdx/QrUhlQ==",
      "bin": {
        "zenn": "dist/server/zenn.js"
      },
      "engines": {
        "node": ">=14.0.0"
      }
    }
  },
  "dependencies": {
    "zenn-cli": {
      "version": "0.1.140",
      "resolved": "https://registry.npmjs.org/zenn-cli/-/zenn-cli-0.1.140.tgz",
      "integrity": "sha512-fcMxd5DHeZeaVkeD1qUoKOgE3gNf1E8+Yh8Kb4hCVIiiwuPR4SOI0uCcno7aeD6LH7OSSymzn0clEdx/QrUhlQ=="
    }
  }
}
